dependencies:
- name: voltha
  repository: https://charts.opencord.org
  version: 2.4.6
- name: voltha-adapter-openolt
  repository: https://charts.opencord.org
  version: 2.4.2
- name: voltha-adapter-openonu
  repository: https://charts.opencord.org
  version: 2.3.6
digest: sha256:e3150b2375c83fcc7cf63ac1e4aa2fc3d21979b1a452e1d0c612879ee70cced9
generated: "2020-05-20T15:07:50.703026367-07:00"
