dependencies:
- name: voltha
  repository: https://charts.opencord.org
  version: 2.4.6
- name: voltha-adapter-openolt
  repository: https://charts.opencord.org
  version: 2.4.2
- name: voltha-adapter-openonu
  repository: https://charts.opencord.org
  version: 2.3.6
digest: sha256:2640265c835ec8846f0eb08ea6b495b5c01ab7bc7aaa8095c69f855ef951d247
generated: "2020-05-22T10:32:51.633808209-07:00"
