dependencies:
- name: kafka
  repository: https://kubernetes-charts-incubator.storage.googleapis.com
  version: 0.15.3
- name: etcd
  repository: http://storage.googleapis.com/kubernetes-charts-incubator
  version: 0.7.4
- name: freeradius
  repository: https://charts.opencord.org
  version: 1.0.0
- name: onos-classic
  repository: https://charts.onosproject.org
  version: 0.1.1
- name: bbsim-sadis-server
  repository: https://ciena.github.io/bbsim-sadis-server/charts
  version: 1.0.0
- name: bbsim
  repository: file:///home/ubuntu/src/helm-charts/bbsim
  version: 3.0.25
- name: bbsim
  repository: file:///home/ubuntu/src/helm-charts/bbsim
  version: 3.0.25
- name: bbsim
  repository: file:///home/ubuntu/src/helm-charts/bbsim
  version: 3.0.25
- name: bbsim
  repository: file:///home/ubuntu/src/helm-charts/bbsim
  version: 3.0.25
- name: bbsim
  repository: file:///home/ubuntu/src/helm-charts/bbsim
  version: 3.0.25
digest: sha256:2164ef3fb42742c7924d4bf14321696628f06f1d1cb50bf676b926113f4e0352
generated: "2020-05-21T21:05:46.565724586-07:00"
